<?xml version="1.0" encoding="UTF-8"?>
<Project ToolsVersion="15.0" xmlns="http://schemas.microsoft.com/developer/msbuild/2003">
  <ItemGroup>
    <ClCompile Include="D:\С++\cpp-course\bigint\big_integer_testing.cpp">
      <Filter>Source Files</Filter>
    </ClCompile>
    <ClCompile Include="D:\С++\cpp-course\bigint\big_integer.cpp">
      <Filter>Source Files</Filter>
    </ClCompile>
    <ClCompile Include="D:\С++\cpp-course\bigint\gtest\gtest-all.cc">
      <Filter>Source Files</Filter>
    </ClCompile>
    <ClCompile Include="D:\С++\cpp-course\bigint\gtest\gtest_main.cc">
      <Filter>Source Files</Filter>
    </ClCompile>
  </ItemGroup>
  <ItemGroup>
    <ClInclude Include="D:\С++\cpp-course\bigint\big_integer.h">
      <Filter>Header Files</Filter>
    </ClInclude>
    <ClInclude Include="D:\С++\cpp-course\bigint\gtest\gtest.h">
      <Filter>Header Files</Filter>
    </ClInclude>
  </ItemGroup>
  <ItemGroup>
    <CustomBuild Include="D:\С++\cpp-course\bigint\CMakeLists.txt" />
  </ItemGroup>
  <ItemGroup>
    <Filter Include="Source Files">
      <UniqueIdentifier>{92E54FC0-431C-35F9-97E4-EB6DB86B1CB5}</UniqueIdentifier>
    </Filter>
    <Filter Include="Header Files">
      <UniqueIdentifier>{F1D0D715-A6DA-35F4-9C5E-B6FDC840728E}</UniqueIdentifier>
    </Filter>
  </ItemGroup>
</Project>
